// !$*UTF8*$!
{
	archiveVersion = 1;
	classes = {
	};
	objectVersion = 56;
	objects = {

/* Begin PBXBuildFile section */
		B50A76FC2AB7BAAD001AF3AA /* CardNameEntryView.swift in Sources */ = {isa = PBXBuildFile; fileRef = B50A76FB2AB7BAAD001AF3AA /* CardNameEntryView.swift */; };
		B5A6EDDB2AB749FE00174155 /* Card_OrganiserApp.swift in Sources */ = {isa = PBXBuildFile; fileRef = B5A6EDDA2AB749FE00174155 /* Card_OrganiserApp.swift */; };
		B5A6EDDD2AB749FE00174155 /* ContentView.swift in Sources */ = {isa = PBXBuildFile; fileRef = B5A6EDDC2AB749FE00174155 /* ContentView.swift */; };
		B5A6EDDF2AB749FF00174155 /* Assets.xcassets in Resources */ = {isa = PBXBuildFile; fileRef = B5A6EDDE2AB749FF00174155 /* Assets.xcassets */; };
		B5A6EDE32AB749FF00174155 /* Preview Assets.xcassets in Resources */ = {isa = PBXBuildFile; fileRef = B5A6EDE22AB749FF00174155 /* Preview Assets.xcassets */; };
		B5A6EDEC2AB74CBD00174155 /* CoreBluetooth.framework in Frameworks */ = {isa = PBXBuildFile; fileRef = B5A6EDEB2AB74CBD00174155 /* CoreBluetooth.framework */; };
		B5A6EDEE2AB74D3300174155 /* BluetoothManager.swift in Sources */ = {isa = PBXBuildFile; fileRef = B5A6EDED2AB74D3300174155 /* BluetoothManager.swift */; };
/* End PBXBuildFile section */

/* Begin PBXFileReference section */
		B50A76FB2AB7BAAD001AF3AA /* CardNameEntryView.swift */ = {isa = PBXFileReference; lastKnownFileType = sourcecode.swift; path = CardNameEntryView.swift; sourceTree = "<group>"; };
		B5A6EDD72AB749FE00174155 /* Card Organiser.app */ = {isa = PBXFileReference; explicitFileType = wrapper.application; includeInIndex = 0; path = "Card Organiser.app"; sourceTree = BUILT_PRODUCTS_DIR; };
		B5A6EDDA2AB749FE00174155 /* Card_OrganiserApp.swift */ = {isa = PBXFileReference; lastKnownFileType = sourcecode.swift; path = Card_OrganiserApp.swift; sourceTree = "<group>"; };
		B5A6EDDC2AB749FE00174155 /* ContentView.swift */ = {isa = PBXFileReference; lastKnownFileType = sourcecode.swift; path = ContentView.swift; sourceTree = "<group>"; };
		B5A6EDDE2AB749FF00174155 /* Assets.xcassets */ = {isa = PBXFileReference; lastKnownFileType = folder.assetcatalog; path = Assets.xcassets; sourceTree = "<group>"; };
		B5A6EDE02AB749FF00174155 /* Card_Organiser.entitlements */ = {isa = PBXFileReference; lastKnownFileType = text.plist.entitlements; path = Card_Organiser.entitlements; sourceTree = "<group>"; };
		B5A6EDE22AB749FF00174155 /* Preview Assets.xcassets */ = {isa = PBXFileReference; lastKnownFileType = folder.assetcatalog; path = "Preview Assets.xcassets"; sourceTree = "<group>"; };
		B5A6EDE92AB74BB100174155 /* Card-Organiser-Info.plist */ = {isa = PBXFileReference; lastKnownFileType = text.plist; path = "Card-Organiser-Info.plist"; sourceTree = SOURCE_ROOT; };
		B5A6EDEB2AB74CBD00174155 /* CoreBluetooth.framework */ = {isa = PBXFileReference; lastKnownFileType = wrapper.framework; name = CoreBluetooth.framework; path = Platforms/iPhoneOS.platform/Developer/SDKs/iPhoneOS16.4.sdk/System/Library/Frameworks/CoreBluetooth.framework; sourceTree = DEVELOPER_DIR; };
		B5A6EDED2AB74D3300174155 /* BluetoothManager.swift */ = {isa = PBXFileReference; lastKnownFileType = sourcecode.swift; path = BluetoothManager.swift; sourceTree = "<group>"; };
/* End PBXFileReference section */

/* Begin PBXFrameworksBuildPhase section */
		B5A6EDD42AB749FE00174155 /* Frameworks */ = {
			isa = PBXFrameworksBuildPhase;
			buildActionMask = 2147483647;
			files = (
				B5A6EDEC2AB74CBD00174155 /* CoreBluetooth.framework in Frameworks */,
			);
			runOnlyForDeploymentPostprocessing = 0;
		};
/* End PBXFrameworksBuildPhase section */

/* Begin PBXGroup section */
		B5A6EDCE2AB749FD00174155 = {
			isa = PBXGroup;
			children = (
				B5A6EDD92AB749FE00174155 /* Card Organiser */,
				B5A6EDD82AB749FE00174155 /* Products */,
				B5A6EDEA2AB74CBD00174155 /* Frameworks */,
			);
			sourceTree = "<group>";
		};
		B5A6EDD82AB749FE00174155 /* Products */ = {
			isa = PBXGroup;
			children = (
				B5A6EDD72AB749FE00174155 /* Card Organiser.app */,
			);
			name = Products;
			sourceTree = "<group>";
		};
		B5A6EDD92AB749FE00174155 /* Card Organiser */ = {
			isa = PBXGroup;
			children = (
				B5A6EDE92AB74BB100174155 /* Card-Organiser-Info.plist */,
				B5A6EDDA2AB749FE00174155 /* Card_OrganiserApp.swift */,
				B5A6EDED2AB74D3300174155 /* BluetoothManager.swift */,
				B5A6EDDC2AB749FE00174155 /* ContentView.swift */,
				B50A76FB2AB7BAAD001AF3AA /* CardNameEntryView.swift */,
				B5A6EDDE2AB749FF00174155 /* Assets.xcassets */,
				B5A6EDE02AB749FF00174155 /* Card_Organiser.entitlements */,
				B5A6EDE12AB749FF00174155 /* Preview Content */,
			);
			path = "Card Organiser";
			sourceTree = "<group>";
		};
		B5A6EDE12AB749FF00174155 /* Preview Content */ = {
			isa = PBXGroup;
			children = (
				B5A6EDE22AB749FF00174155 /* Preview Assets.xcassets */,
			);
			path = "Preview Content";
			sourceTree = "<group>";
		};
		B5A6EDEA2AB74CBD00174155 /* Frameworks */ = {
			isa = PBXGroup;
			children = (
				B5A6EDEB2AB74CBD00174155 /* CoreBluetooth.framework */,
			);
			name = Frameworks;
			sourceTree = "<group>";
		};
/* End PBXGroup section */

/* Begin PBXNativeTarget section */
		B5A6EDD62AB749FE00174155 /* Card Organiser */ = {
			isa = PBXNativeTarget;
			buildConfigurationList = B5A6EDE62AB749FF00174155 /* Build configuration list for PBXNativeTarget "Card Organiser" */;
			buildPhases = (
				B5A6EDD32AB749FE00174155 /* Sources */,
				B5A6EDD42AB749FE00174155 /* Frameworks */,
				B5A6EDD52AB749FE00174155 /* Resources */,
			);
			buildRules = (
			);
			dependencies = (
			);
			name = "Card Organiser";
			productName = "Card Organiser";
			productReference = B5A6EDD72AB749FE00174155 /* Card Organiser.app */;
			productType = "com.apple.product-type.application";
		};
/* End PBXNativeTarget section */

/* Begin PBXProject section */
		B5A6EDCF2AB749FD00174155 /* Project object */ = {
			isa = PBXProject;
			attributes = {
				BuildIndependentTargetsInParallel = 1;
				LastSwiftUpdateCheck = 1430;
				LastUpgradeCheck = 1430;
				TargetAttributes = {
					B5A6EDD62AB749FE00174155 = {
						CreatedOnToolsVersion = 14.3.1;
					};
				};
			};
			buildConfigurationList = B5A6EDD22AB749FD00174155 /* Build configuration list for PBXProject "Card Organiser" */;
			compatibilityVersion = "Xcode 14.0";
			developmentRegion = en;
			hasScannedForEncodings = 0;
			knownRegions = (
				en,
				Base,
			);
			mainGroup = B5A6EDCE2AB749FD00174155;
			productRefGroup = B5A6EDD82AB749FE00174155 /* Products */;
			projectDirPath = "";
			projectRoot = "";
			targets = (
				B5A6EDD62AB749FE00174155 /* Card Organiser */,
			);
		};
/* End PBXProject section */

/* Begin PBXResourcesBuildPhase section */
		B5A6EDD52AB749FE00174155 /* Resources */ = {
			isa = PBXResourcesBuildPhase;
			buildActionMask = 2147483647;
			files = (
				B5A6EDE32AB749FF00174155 /* Preview Assets.xcassets in Resources */,
				B5A6EDDF2AB749FF00174155 /* Assets.xcassets in Resources */,
			);
			runOnlyForDeploymentPostprocessing = 0;
		};
/* End PBXResourcesBuildPhase section */

/* Begin PBXSourcesBuildPhase section */
		B5A6EDD32AB749FE00174155 /* Sources */ = {
			isa = PBXSourcesBuildPhase;
			buildActionMask = 2147483647;
			files = (
				B5A6EDDD2AB749FE00174155 /* ContentView.swift in Sources */,
				B5A6EDEE2AB74D3300174155 /* BluetoothManager.swift in Sources */,
				B50A76FC2AB7BAAD001AF3AA /* CardNameEntryView.swift in Sources */,
				B5A6EDDB2AB749FE00174155 /* Card_OrganiserApp.swift in Sources */,
			);
			runOnlyForDeploymentPostprocessing = 0;
		};
/* End PBXSourcesBuildPhase section */

/* Begin XCBuildConfiguration section */
		B5A6EDE42AB749FF00174155 /* Debug */ = {
			isa = XCBuildConfiguration;
			buildSettings = {
				ALWAYS_SEARCH_USER_PATHS = NO;
				CLANG_ANALYZER_NONNULL = YES;
				CLANG_ANALYZER_NUMBER_OBJECT_CONVERSION = YES_AGGRESSIVE;
				CLANG_CXX_LANGUAGE_STANDARD = "gnu++20";
				CLANG_ENABLE_MODULES = YES;
				CLANG_ENABLE_OBJC_ARC = YES;
				CLANG_ENABLE_OBJC_WEAK = YES;
				CLANG_WARN_BLOCK_CAPTURE_AUTORELEASING = YES;
				CLANG_WARN_BOOL_CONVERSION = YES;
				CLANG_WARN_COMMA = YES;
				CLANG_WARN_CONSTANT_CONVERSION = YES;
				CLANG_WARN_DEPRECATED_OBJC_IMPLEMENTATIONS = YES;
				CLANG_WARN_DIRECT_OBJC_ISA_USAGE = YES_ERROR;
				CLANG_WARN_DOCUMENTATION_COMMENTS = YES;
				CLANG_WARN_EMPTY_BODY = YES;
				CLANG_WARN_ENUM_CONVERSION = YES;
				CLANG_WARN_INFINITE_RECURSION = YES;
				CLANG_WARN_INT_CONVERSION = YES;
				CLANG_WARN_NON_LITERAL_NULL_CONVERSION = YES;
				CLANG_WARN_OBJC_IMPLICIT_RETAIN_SELF = YES;
				CLANG_WARN_OBJC_LITERAL_CONVERSION = YES;
				CLANG_WARN_OBJC_ROOT_CLASS = YES_ERROR;
				CLANG_WARN_QUOTED_INCLUDE_IN_FRAMEWORK_HEADER = YES;
				CLANG_WARN_RANGE_LOOP_ANALYSIS = YES;
				CLANG_WARN_STRICT_PROTOTYPES = YES;
				CLANG_WARN_SUSPICIOUS_MOVE = YES;
				CLANG_WARN_UNGUARDED_AVAILABILITY = YES_AGGRESSIVE;
				CLANG_WARN_UNREACHABLE_CODE = YES;
				CLANG_WARN__DUPLICATE_METHOD_MATCH = YES;
				COPY_PHASE_STRIP = NO;
				DEBUG_INFORMATION_FORMAT = dwarf;
				ENABLE_STRICT_OBJC_MSGSEND = YES;
				ENABLE_TESTABILITY = YES;
				GCC_C_LANGUAGE_STANDARD = gnu11;
				GCC_DYNAMIC_NO_PIC = NO;
				GCC_NO_COMMON_BLOCKS = YES;
				GCC_OPTIMIZATION_LEVEL = 0;
				GCC_PREPROCESSOR_DEFINITIONS = (
					"DEBUG=1",
					"$(inherited)",
				);
				GCC_WARN_64_TO_32_BIT_CONVERSION = YES;
				GCC_WARN_ABOUT_RETURN_TYPE = YES_ERROR;
				GCC_WARN_UNDECLARED_SELECTOR = YES;
				GCC_WARN_UNINITIALIZED_AUTOS = YES_AGGRESSIVE;
				GCC_WARN_UNUSED_FUNCTION = YES;
				GCC_WARN_UNUSED_VARIABLE = YES;
				MTL_ENABLE_DEBUG_INFO = INCLUDE_SOURCE;
				MTL_FAST_MATH = YES;
				ONLY_ACTIVE_ARCH = YES;
				SWIFT_ACTIVE_COMPILATION_CONDITIONS = DEBUG;
				SWIFT_OPTIMIZATION_LEVEL = "-Onone";
			};
			name = Debug;
		};
		B5A6EDE52AB749FF00174155 /* Release */ = {
			isa = XCBuildConfiguration;
			buildSettings = {
				ALWAYS_SEARCH_USER_PATHS = NO;
				CLANG_ANALYZER_NONNULL = YES;
				CLANG_ANALYZER_NUMBER_OBJECT_CONVERSION = YES_AGGRESSIVE;
				CLANG_CXX_LANGUAGE_STANDARD = "gnu++20";
				CLANG_ENABLE_MODULES = YES;
				CLANG_ENABLE_OBJC_ARC = YES;
				CLANG_ENABLE_OBJC_WEAK = YES;
				CLANG_WARN_BLOCK_CAPTURE_AUTORELEASING = YES;
				CLANG_WARN_BOOL_CONVERSION = YES;
				CLANG_WARN_COMMA = YES;
				CLANG_WARN_CONSTANT_CONVERSION = YES;
				CLANG_WARN_DEPRECATED_OBJC_IMPLEMENTATIONS = YES;
				CLANG_WARN_DIRECT_OBJC_ISA_USAGE = YES_ERROR;
				CLANG_WARN_DOCUMENTATION_COMMENTS = YES;
				CLANG_WARN_EMPTY_BODY = YES;
				CLANG_WARN_ENUM_CONVERSION = YES;
				CLANG_WARN_INFINITE_RECURSION = YES;
				CLANG_WARN_INT_CONVERSION = YES;
				CLANG_WARN_NON_LITERAL_NULL_CONVERSION = YES;
				CLANG_WARN_OBJC_IMPLICIT_RETAIN_SELF = YES;
				CLANG_WARN_OBJC_LITERAL_CONVERSION = YES;
				CLANG_WARN_OBJC_ROOT_CLASS = YES_ERROR;
				CLANG_WARN_QUOTED_INCLUDE_IN_FRAMEWORK_HEADER = YES;
				CLANG_WARN_RANGE_LOOP_ANALYSIS = YES;
				CLANG_WARN_STRICT_PROTOTYPES = YES;
				CLANG_WARN_SUSPICIOUS_MOVE = YES;
				CLANG_WARN_UNGUARDED_AVAILABILITY = YES_AGGRESSIVE;
				CLANG_WARN_UNREACHABLE_CODE = YES;
				CLANG_WARN__DUPLICATE_METHOD_MATCH = YES;
				COPY_PHASE_STRIP = NO;
				DEBUG_INFORMATION_FORMAT = "dwarf-with-dsym";
				ENABLE_NS_ASSERTIONS = NO;
				ENABLE_STRICT_OBJC_MSGSEND = YES;
				GCC_C_LANGUAGE_STANDARD = gnu11;
				GCC_NO_COMMON_BLOCKS = YES;
				GCC_WARN_64_TO_32_BIT_CONVERSION = YES;
				GCC_WARN_ABOUT_RETURN_TYPE = YES_ERROR;
				GCC_WARN_UNDECLARED_SELECTOR = YES;
				GCC_WARN_UNINITIALIZED_AUTOS = YES_AGGRESSIVE;
				GCC_WARN_UNUSED_FUNCTION = YES;
				GCC_WARN_UNUSED_VARIABLE = YES;
				MTL_ENABLE_DEBUG_INFO = NO;
				MTL_FAST_MATH = YES;
				SWIFT_COMPILATION_MODE = wholemodule;
				SWIFT_OPTIMIZATION_LEVEL = "-O";
			};
			name = Release;
		};
		B5A6EDE72AB749FF00174155 /* Debug */ = {
			isa = XCBuildConfiguration;
			buildSettings = {
				ASSETCATALOG_COMPILER_APPICON_NAME = AppIcon;
				ASSETCATALOG_COMPILER_GLOBAL_ACCENT_COLOR_NAME = AccentColor;
				CODE_SIGN_ENTITLEMENTS = "Card Organiser/Card_Organiser.entitlements";
				CODE_SIGN_STYLE = Automatic;
				CURRENT_PROJECT_VERSION = 1;
				DEVELOPMENT_ASSET_PATHS = "\"Card Organiser/Preview Content\"";
				DEVELOPMENT_TEAM = AY6B7J99KB;
				ENABLE_HARDENED_RUNTIME = YES;
				ENABLE_PREVIEWS = YES;
				GENERATE_INFOPLIST_FILE = YES;
				INFOPLIST_FILE = "Card-Organiser-Info.plist";
				INFOPLIST_KEY_NSBluetoothPeripheralUsageDescription = "Please allow bluetooth for esp32 control";
				"INFOPLIST_KEY_UIApplicationSceneManifest_Generation[sdk=iphoneos*]" = YES;
				"INFOPLIST_KEY_UIApplicationSceneManifest_Generation[sdk=iphonesimulator*]" = YES;
				"INFOPLIST_KEY_UIApplicationSupportsIndirectInputEvents[sdk=iphoneos*]" = YES;
				"INFOPLIST_KEY_UIApplicationSupportsIndirectInputEvents[sdk=iphonesimulator*]" = YES;
				"INFOPLIST_KEY_UILaunchScreen_Generation[sdk=iphoneos*]" = YES;
				"INFOPLIST_KEY_UILaunchScreen_Generation[sdk=iphonesimulator*]" = YES;
				"INFOPLIST_KEY_UIStatusBarStyle[sdk=iphoneos*]" = UIStatusBarStyleDefault;
				"INFOPLIST_KEY_UIStatusBarStyle[sdk=iphonesimulator*]" = UIStatusBarStyleDefault;
				INFOPLIST_KEY_UISupportedInterfaceOrientations_iPad = "UIInterfaceOrientationPortrait UIInterfaceOrientationPortraitUpsideDown UIInterfaceOrientationLandscapeLeft UIInterfaceOrientationLandscapeRight";
				INFOPLIST_KEY_UISupportedInterfaceOrientations_iPhone = "UIInterfaceOrientationPortrait UIInterfaceOrientationLandscapeLeft UIInterfaceOrientationLandscapeRight";
				IPHONEOS_DEPLOYMENT_TARGET = 16.4;
				LD_RUNPATH_SEARCH_PATHS = "@executable_path/Frameworks";
				"LD_RUNPATH_SEARCH_PATHS[sdk=macosx*]" = "@executable_path/../Frameworks";
				MACOSX_DEPLOYMENT_TARGET = 13.3;
				MARKETING_VERSION = 1.0;
				PRODUCT_BUNDLE_IDENTIFIER = "com.tony.Card-Organiser";
				PRODUCT_NAME = "$(TARGET_NAME)";
				SDKROOT = auto;
				SUPPORTED_PLATFORMS = "iphoneos iphonesimulator macosx";
				SWIFT_EMIT_LOC_STRINGS = YES;
				SWIFT_VERSION = 5.0;
				TARGETED_DEVICE_FAMILY = "1,2";
			};
			name = Debug;
		};
		B5A6EDE82AB749FF00174155 /* Release */ = {
			isa = XCBuildConfiguration;
			buildSettings = {
				ASSETCATALOG_COMPILER_APPICON_NAME = AppIcon;
				ASSETCATALOG_COMPILER_GLOBAL_ACCENT_COLOR_NAME = AccentColor;
				CODE_SIGN_ENTITLEMENTS = "Card Organiser/Card_Organiser.entitlements";
				CODE_SIGN_STYLE = Automatic;
				CURRENT_PROJECT_VERSION = 1;
				DEVELOPMENT_ASSET_PATHS = "\"Card Organiser/Preview Content\"";
				DEVELOPMENT_TEAM = AY6B7J99KB;
				ENABLE_HARDENED_RUNTIME = YES;
				ENABLE_PREVIEWS = YES;
				GENERATE_INFOPLIST_FILE = YES;
				INFOPLIST_FILE = "Card-Organiser-Info.plist";
				INFOPLIST_KEY_NSBluetoothPeripheralUsageDescription = "Please allow bluetooth for esp32 control";
				"INFOPLIST_KEY_UIApplicationSceneManifest_Generation[sdk=iphoneos*]" = YES;
				"INFOPLIST_KEY_UIApplicationSceneManifest_Generation[sdk=iphonesimulator*]" = YES;
				"INFOPLIST_KEY_UIApplicationSupportsIndirectInputEvents[sdk=iphoneos*]" = YES;
				"INFOPLIST_KEY_UIApplicationSupportsIndirectInputEvents[sdk=iphonesimulator*]" = YES;
				"INFOPLIST_KEY_UILaunchScreen_Generation[sdk=iphoneos*]" = YES;
				"INFOPLIST_KEY_UILaunchScreen_Generation[sdk=iphonesimulator*]" = YES;
				"INFOPLIST_KEY_UIStatusBarStyle[sdk=iphoneos*]" = UIStatusBarStyleDefault;
				"INFOPLIST_KEY_UIStatusBarStyle[sdk=iphonesimulator*]" = UIStatusBarStyleDefault;
				INFOPLIST_KEY_UISupportedInterfaceOrientations_iPad = "UIInterfaceOrientationPortrait UIInterfaceOrientationPortraitUpsideDown UIInterfaceOrientationLandscapeLeft UIInterfaceOrientationLandscapeRight";
				INFOPLIST_KEY_UISupportedInterfaceOrientations_iPhone = "UIInterfaceOrientationPortrait UIInterfaceOrientationLandscapeLeft UIInterfaceOrientationLandscapeRight";
				IPHONEOS_DEPLOYMENT_TARGET = 16.4;
				LD_RUNPATH_SEARCH_PATHS = "@executable_path/Frameworks";
				"LD_RUNPATH_SEARCH_PATHS[sdk=macosx*]" = "@executable_path/../Frameworks";
				MACOSX_DEPLOYMENT_TARGET = 13.3;
				MARKETING_VERSION = 1.0;
				PRODUCT_BUNDLE_IDENTIFIER = "com.tony.Card-Organiser";
				PRODUCT_NAME = "$(TARGET_NAME)";
				SDKROOT = auto;
				SUPPORTED_PLATFORMS = "iphoneos iphonesimulator macosx";
				SWIFT_EMIT_LOC_STRINGS = YES;
				SWIFT_VERSION = 5.0;
				TARGETED_DEVICE_FAMILY = "1,2";
			};
			name = Release;
		};
/* End XCBuildConfiguration section */

/* Begin XCConfigurationList section */
		B5A6EDD22AB749FD00174155 /* Build configuration list for PBXProject "Card Organiser" */ = {
			isa = XCConfigurationList;
			buildConfigurations = (
				B5A6EDE42AB749FF00174155 /* Debug */,
				B5A6EDE52AB749FF00174155 /* Release */,
			);
			defaultConfigurationIsVisible = 0;
			defaultConfigurationName = Release;
		};
		B5A6EDE62AB749FF00174155 /* Build configuration list for PBXNativeTarget "Card Organiser" */ = {
			isa = XCConfigurationList;
			buildConfigurations = (
				B5A6EDE72AB749FF00174155 /* Debug */,
				B5A6EDE82AB749FF00174155 /* Release */,
			);
			defaultConfigurationIsVisible = 0;
			defaultConfigurationName = Release;
		};
/* End XCConfigurationList section */
	};
	rootObject = B5A6EDCF2AB749FD00174155 /* Project object */;
}
